
Microsoft Visual Studio Solution File, Format Version 12.00
# Visual Studio Version 16
VisualStudioVersion = 16.0.31112.23
MinimumVisualStudioVersion = 10.0.40219.1
Project("{FAE04EC0-301F-11D3-BF4B-00C04F79EFBC}") = "Howest.Prog.CoinChop.Infrastructure.Tests", "Howest.Prog.CoinChop.Infrastructure.Tests\Howest.Prog.CoinChop.Infrastructure.Tests.csproj", "{C90DEB9E-C476-4505-9F02-FE1BD323108D}"
EndProject
Global
	GlobalSection(SolutionConfigurationPlatforms) = preSolution
		Debug|Any CPU = Debug|Any CPU
		Release|Any CPU = Release|Any CPU
	EndGlobalSection
	GlobalSection(ProjectConfigurationPlatforms) = postSolution
		{C90DEB9E-C476-4505-9F02-FE1BD323108D}.Debug|Any CPU.ActiveCfg = Debug|Any CPU
		{C90DEB9E-C476-4505-9F02-FE1BD323108D}.Debug|Any CPU.Build.0 = Debug|Any CPU
		{C90DEB9E-C476-4505-9F02-FE1BD323108D}.Release|Any CPU.ActiveCfg = Release|Any CPU
		{C90DEB9E-C476-4505-9F02-FE1BD323108D}.Release|Any CPU.Build.0 = Release|Any CPU
	EndGlobalSection
	GlobalSection(SolutionProperties) = preSolution
		HideSolutionNode = FALSE
	EndGlobalSection
	GlobalSection(ExtensibilityGlobals) = postSolution
		SolutionGuid = {3BBD8F12-045F-48CE-A210-64FC7B7C1305}
	EndGlobalSection
EndGlobal
